
Microsoft Visual Studio Solution File, Format Version 12.00
# Visual Studio Version 16
VisualStudioVersion = 16.0.31005.135
MinimumVisualStudioVersion = 10.0.40219.1
Project("{FAE04EC0-301F-11D3-BF4B-00C04F79EFBC}") = "03DTP Contacts List", "03DTP Contacts List\03DTP Contacts List.csproj", "{0657B752-FEDE-41D8-9D24-D466FA3ECC69}"
EndProject
Global
	GlobalSection(SolutionConfigurationPlatforms) = preSolution
		Debug|Any CPU = Debug|Any CPU
		Release|Any CPU = Release|Any CPU
	EndGlobalSection
	GlobalSection(ProjectConfigurationPlatforms) = postSolution
		{0657B752-FEDE-41D8-9D24-D466FA3ECC69}.Debug|Any CPU.ActiveCfg = Debug|Any CPU
		{0657B752-FEDE-41D8-9D24-D466FA3ECC69}.Debug|Any CPU.Build.0 = Debug|Any CPU
		{0657B752-FEDE-41D8-9D24-D466FA3ECC69}.Release|Any CPU.ActiveCfg = Release|Any CPU
		{0657B752-FEDE-41D8-9D24-D466FA3ECC69}.Release|Any CPU.Build.0 = Release|Any CPU
	EndGlobalSection
	GlobalSection(SolutionProperties) = preSolution
		HideSolutionNode = FALSE
	EndGlobalSection
	GlobalSection(ExtensibilityGlobals) = postSolution
		SolutionGuid = {A74CD9C5-D20F-48EE-AEF5-20573D2785F9}
	EndGlobalSection
EndGlobal
